
Microsoft Visual Studio Solution File, Format Version 12.00
# Visual Studio 15
VisualStudioVersion = 15.0.28307.1062
MinimumVisualStudioVersion = 10.0.40219.1
Project("{FAE04EC0-301F-11D3-BF4B-00C04F79EFBC}") = "InStemDevelopmentTest", "InStemDevelopmentTest\InStemDevelopmentTest.csproj", "{93D63C1F-67C9-4878-BAE4-A22F838AE21E}"
EndProject
Project("{FAE04EC0-301F-11D3-BF4B-00C04F79EFBC}") = "MoviesWebAPI", "WebApplication2\MoviesWebAPI.csproj", "{12EE73FB-39D7-4320-82DF-090F2A16138D}"
EndProject
Project("{FAE04EC0-301F-11D3-BF4B-00C04F79EFBC}") = "InStemDevelopmentUnitTesting", "InStemDevelopmentUnitTesting\InStemDevelopmentUnitTesting.csproj", "{AC24AFB3-0320-47FB-ADA7-0054BBF8A48C}"
EndProject
Global
	GlobalSection(SolutionConfigurationPlatforms) = preSolution
		Debug|Any CPU = Debug|Any CPU
		Release|Any CPU = Release|Any CPU
	EndGlobalSection
	GlobalSection(ProjectConfigurationPlatforms) = postSolution
		{93D63C1F-67C9-4878-BAE4-A22F838AE21E}.Debug|Any CPU.ActiveCfg = Debug|Any CPU
		{93D63C1F-67C9-4878-BAE4-A22F838AE21E}.Debug|Any CPU.Build.0 = Debug|Any CPU
		{93D63C1F-67C9-4878-BAE4-A22F838AE21E}.Release|Any CPU.ActiveCfg = Release|Any CPU
		{93D63C1F-67C9-4878-BAE4-A22F838AE21E}.Release|Any CPU.Build.0 = Release|Any CPU
		{12EE73FB-39D7-4320-82DF-090F2A16138D}.Debug|Any CPU.ActiveCfg = Debug|Any CPU
		{12EE73FB-39D7-4320-82DF-090F2A16138D}.Debug|Any CPU.Build.0 = Debug|Any CPU
		{12EE73FB-39D7-4320-82DF-090F2A16138D}.Release|Any CPU.ActiveCfg = Release|Any CPU
		{12EE73FB-39D7-4320-82DF-090F2A16138D}.Release|Any CPU.Build.0 = Release|Any CPU
		{AC24AFB3-0320-47FB-ADA7-0054BBF8A48C}.Debug|Any CPU.ActiveCfg = Debug|Any CPU
		{AC24AFB3-0320-47FB-ADA7-0054BBF8A48C}.Debug|Any CPU.Build.0 = Debug|Any CPU
		{AC24AFB3-0320-47FB-ADA7-0054BBF8A48C}.Release|Any CPU.ActiveCfg = Release|Any CPU
		{AC24AFB3-0320-47FB-ADA7-0054BBF8A48C}.Release|Any CPU.Build.0 = Release|Any CPU
	EndGlobalSection
	GlobalSection(SolutionProperties) = preSolution
		HideSolutionNode = FALSE
	EndGlobalSection
	GlobalSection(ExtensibilityGlobals) = postSolution
		SolutionGuid = {AFD31FFE-B446-479E-A0CC-8477AADA5069}
	EndGlobalSection
EndGlobal
